
Microsoft Visual Studio Solution File, Format Version 12.00
# Visual Studio Version 17
VisualStudioVersion = 17.0.31919.166
MinimumVisualStudioVersion = 10.0.40219.1
Project("{9A19103F-16F7-4668-BE54-9A1E7A4F7556}") = "ReleaseUpdate.Cli", "ReleaseUpdate.Cli\ReleaseUpdate.Cli.csproj", "{B1FDB42B-0B37-4B9E-B4FD-E55AB1A3D96F}"
EndProject
Global
	GlobalSection(SolutionConfigurationPlatforms) = preSolution
		Debug|Any CPU = Debug|Any CPU
		Release|Any CPU = Release|Any CPU
	EndGlobalSection
	GlobalSection(ProjectConfigurationPlatforms) = postSolution
		{B1FDB42B-0B37-4B9E-B4FD-E55AB1A3D96F}.Debug|Any CPU.ActiveCfg = Debug|Any CPU
		{B1FDB42B-0B37-4B9E-B4FD-E55AB1A3D96F}.Debug|Any CPU.Build.0 = Debug|Any CPU
		{B1FDB42B-0B37-4B9E-B4FD-E55AB1A3D96F}.Release|Any CPU.ActiveCfg = Release|Any CPU
		{B1FDB42B-0B37-4B9E-B4FD-E55AB1A3D96F}.Release|Any CPU.Build.0 = Release|Any CPU
	EndGlobalSection
	GlobalSection(SolutionProperties) = preSolution
		HideSolutionNode = FALSE
	EndGlobalSection
	GlobalSection(ExtensibilityGlobals) = postSolution
		SolutionGuid = {72E411AD-68DC-4407-9C05-B2C9E6EADEDC}
	EndGlobalSection
EndGlobal
